
Microsoft Visual Studio Solution File, Format Version 12.00
# Visual Studio Version 17
VisualStudioVersion = 17.4.33122.133
MinimumVisualStudioVersion = 10.0.40219.1
Project("{FAE04EC0-301F-11D3-BF4B-00C04F79EFBC}") = "RBAC JWT TOKEN", "CRUD_with_JWT_Auht\RBAC JWT TOKEN.csproj", "{F30354B7-6295-404A-88C9-C663563498C0}"
EndProject
Global
	GlobalSection(SolutionConfigurationPlatforms) = preSolution
		Debug|Any CPU = Debug|Any CPU
		Release|Any CPU = Release|Any CPU
	EndGlobalSection
	GlobalSection(ProjectConfigurationPlatforms) = postSolution
		{F30354B7-6295-404A-88C9-C663563498C0}.Debug|Any CPU.ActiveCfg = Debug|Any CPU
		{F30354B7-6295-404A-88C9-C663563498C0}.Debug|Any CPU.Build.0 = Debug|Any CPU
		{F30354B7-6295-404A-88C9-C663563498C0}.Release|Any CPU.ActiveCfg = Release|Any CPU
		{F30354B7-6295-404A-88C9-C663563498C0}.Release|Any CPU.Build.0 = Release|Any CPU
	EndGlobalSection
	GlobalSection(SolutionProperties) = preSolution
		HideSolutionNode = FALSE
	EndGlobalSection
	GlobalSection(ExtensibilityGlobals) = postSolution
		SolutionGuid = {F52AE04C-DADE-4B3E-8AE8-DBAF05B0D79E}
	EndGlobalSection
EndGlobal
